
Microsoft Visual Studio Solution File, Format Version 12.00
# Visual Studio 14
VisualStudioVersion = 14.0.25123.0
MinimumVisualStudioVersion = 10.0.40219.1
Project("{FAE04EC0-301F-11D3-BF4B-00C04F79EFBC}") = "MaxSequenceofEqualElements", "MaxSequenceofEqualElements\MaxSequenceofEqualElements.csproj", "{5FD07663-D6C6-439E-B940-4585607D9E1C}"
EndProject
Project("{FAE04EC0-301F-11D3-BF4B-00C04F79EFBC}") = "SumReversedNumbers", "SumReversedNumbers\SumReversedNumbers.csproj", "{DEA44D05-7332-4048-8751-4C5DE45137AB}"
EndProject
Project("{FAE04EC0-301F-11D3-BF4B-00C04F79EFBC}") = "BombNumbers", "BombNumbers\BombNumbers.csproj", "{94A7C933-4BA5-4B25-A51F-0E36880DE908}"
EndProject
Project("{FAE04EC0-301F-11D3-BF4B-00C04F79EFBC}") = "ArrayManipulator", "ArrayManipulator\ArrayManipulator.csproj", "{FE0C7E5B-63BD-4EA0-9B53-C941C6DFA553}"
EndProject
Project("{FAE04EC0-301F-11D3-BF4B-00C04F79EFBC}") = "ConsoleApplication1", "ConsoleApplication1\ConsoleApplication1.csproj", "{5621DFF3-560E-4A72-8146-625DCA1952AB}"
EndProject
Project("{FAE04EC0-301F-11D3-BF4B-00C04F79EFBC}") = "RemoveElementsOnOddPosition", "RemoveElementsOnOddPosition\RemoveElementsOnOddPosition.csproj", "{2C508F2F-6C62-4090-8D52-00399D5F640E}"
EndProject
Project("{FAE04EC0-301F-11D3-BF4B-00C04F79EFBC}") = "BlackListSongs", "BlackListSongs\BlackListSongs.csproj", "{5D59B7DE-C8E0-44F8-928C-9EC4FEFD83ED}"
EndProject
Project("{FAE04EC0-301F-11D3-BF4B-00C04F79EFBC}") = "EqualSumAfterExtraction", "EqualSumAfterExtraction\EqualSumAfterExtraction.csproj", "{F7A44869-05D7-4FC7-8B42-8C0A833F83EC}"
EndProject
Project("{FAE04EC0-301F-11D3-BF4B-00C04F79EFBC}") = "FlipList", "FlipList\FlipList.csproj", "{DEE02E37-8D79-4A24-A625-0046B1E64A58}"
EndProject
Project("{FAE04EC0-301F-11D3-BF4B-00C04F79EFBC}") = "TearListInHalf", "TearListInHalf\TearListInHalf.csproj", "{36B67756-8554-4408-8DDC-6E0CF1057A11}"
EndProject
Project("{FAE04EC0-301F-11D3-BF4B-00C04F79EFBC}") = "ListZipper", "ListZipper\ListZipper.csproj", "{6FA1E0EC-367A-4A1C-911D-DF48FCD01780}"
EndProject
Global
	GlobalSection(SolutionConfigurationPlatforms) = preSolution
		Debug|Any CPU = Debug|Any CPU
		Release|Any CPU = Release|Any CPU
	EndGlobalSection
	GlobalSection(ProjectConfigurationPlatforms) = postSolution
		{5FD07663-D6C6-439E-B940-4585607D9E1C}.Debug|Any CPU.ActiveCfg = Debug|Any CPU
		{5FD07663-D6C6-439E-B940-4585607D9E1C}.Debug|Any CPU.Build.0 = Debug|Any CPU
		{5FD07663-D6C6-439E-B940-4585607D9E1C}.Release|Any CPU.ActiveCfg = Release|Any CPU
		{5FD07663-D6C6-439E-B940-4585607D9E1C}.Release|Any CPU.Build.0 = Release|Any CPU
		{DEA44D05-7332-4048-8751-4C5DE45137AB}.Debug|Any CPU.ActiveCfg = Debug|Any CPU
		{DEA44D05-7332-4048-8751-4C5DE45137AB}.Debug|Any CPU.Build.0 = Debug|Any CPU
		{DEA44D05-7332-4048-8751-4C5DE45137AB}.Release|Any CPU.ActiveCfg = Release|Any CPU
		{DEA44D05-7332-4048-8751-4C5DE45137AB}.Release|Any CPU.Build.0 = Release|Any CPU
		{94A7C933-4BA5-4B25-A51F-0E36880DE908}.Debug|Any CPU.ActiveCfg = Debug|Any CPU
		{94A7C933-4BA5-4B25-A51F-0E36880DE908}.Debug|Any CPU.Build.0 = Debug|Any CPU
		{94A7C933-4BA5-4B25-A51F-0E36880DE908}.Release|Any CPU.ActiveCfg = Release|Any CPU
		{94A7C933-4BA5-4B25-A51F-0E36880DE908}.Release|Any CPU.Build.0 = Release|Any CPU
		{FE0C7E5B-63BD-4EA0-9B53-C941C6DFA553}.Debug|Any CPU.ActiveCfg = Debug|Any CPU
		{FE0C7E5B-63BD-4EA0-9B53-C941C6DFA553}.Debug|Any CPU.Build.0 = Debug|Any CPU
		{FE0C7E5B-63BD-4EA0-9B53-C941C6DFA553}.Release|Any CPU.ActiveCfg = Release|Any CPU
		{FE0C7E5B-63BD-4EA0-9B53-C941C6DFA553}.Release|Any CPU.Build.0 = Release|Any CPU
		{5621DFF3-560E-4A72-8146-625DCA1952AB}.Debug|Any CPU.ActiveCfg = Debug|Any CPU
		{5621DFF3-560E-4A72-8146-625DCA1952AB}.Debug|Any CPU.Build.0 = Debug|Any CPU
		{5621DFF3-560E-4A72-8146-625DCA1952AB}.Release|Any CPU.ActiveCfg = Release|Any CPU
		{5621DFF3-560E-4A72-8146-625DCA1952AB}.Release|Any CPU.Build.0 = Release|Any CPU
		{2C508F2F-6C62-4090-8D52-00399D5F640E}.Debug|Any CPU.ActiveCfg = Debug|Any CPU
		{2C508F2F-6C62-4090-8D52-00399D5F640E}.Debug|Any CPU.Build.0 = Debug|Any CPU
		{2C508F2F-6C62-4090-8D52-00399D5F640E}.Release|Any CPU.ActiveCfg = Release|Any CPU
		{2C508F2F-6C62-4090-8D52-00399D5F640E}.Release|Any CPU.Build.0 = Release|Any CPU
		{5D59B7DE-C8E0-44F8-928C-9EC4FEFD83ED}.Debug|Any CPU.ActiveCfg = Debug|Any CPU
		{5D59B7DE-C8E0-44F8-928C-9EC4FEFD83ED}.Debug|Any CPU.Build.0 = Debug|Any CPU
		{5D59B7DE-C8E0-44F8-928C-9EC4FEFD83ED}.Release|Any CPU.ActiveCfg = Release|Any CPU
		{5D59B7DE-C8E0-44F8-928C-9EC4FEFD83ED}.Release|Any CPU.Build.0 = Release|Any CPU
		{F7A44869-05D7-4FC7-8B42-8C0A833F83EC}.Debug|Any CPU.ActiveCfg = Debug|Any CPU
		{F7A44869-05D7-4FC7-8B42-8C0A833F83EC}.Debug|Any CPU.Build.0 = Debug|Any CPU
		{F7A44869-05D7-4FC7-8B42-8C0A833F83EC}.Release|Any CPU.ActiveCfg = Release|Any CPU
		{F7A44869-05D7-4FC7-8B42-8C0A833F83EC}.Release|Any CPU.Build.0 = Release|Any CPU
		{DEE02E37-8D79-4A24-A625-0046B1E64A58}.Debug|Any CPU.ActiveCfg = Debug|Any CPU
		{DEE02E37-8D79-4A24-A625-0046B1E64A58}.Debug|Any CPU.Build.0 = Debug|Any CPU
		{DEE02E37-8D79-4A24-A625-0046B1E64A58}.Release|Any CPU.ActiveCfg = Release|Any CPU
		{DEE02E37-8D79-4A24-A625-0046B1E64A58}.Release|Any CPU.Build.0 = Release|Any CPU
		{36B67756-8554-4408-8DDC-6E0CF1057A11}.Debug|Any CPU.ActiveCfg = Debug|Any CPU
		{36B67756-8554-4408-8DDC-6E0CF1057A11}.Debug|Any CPU.Build.0 = Debug|Any CPU
		{36B67756-8554-4408-8DDC-6E0CF1057A11}.Release|Any CPU.ActiveCfg = Release|Any CPU
		{36B67756-8554-4408-8DDC-6E0CF1057A11}.Release|Any CPU.Build.0 = Release|Any CPU
		{6FA1E0EC-367A-4A1C-911D-DF48FCD01780}.Debug|Any CPU.ActiveCfg = Debug|Any CPU
		{6FA1E0EC-367A-4A1C-911D-DF48FCD01780}.Debug|Any CPU.Build.0 = Debug|Any CPU
		{6FA1E0EC-367A-4A1C-911D-DF48FCD01780}.Release|Any CPU.ActiveCfg = Release|Any CPU
		{6FA1E0EC-367A-4A1C-911D-DF48FCD01780}.Release|Any CPU.Build.0 = Release|Any CPU
	EndGlobalSection
	GlobalSection(SolutionProperties) = preSolution
		HideSolutionNode = FALSE
	EndGlobalSection
EndGlobal
