
Microsoft Visual Studio Solution File, Format Version 12.00
# Visual Studio 14
VisualStudioVersion = 14.0.25123.0
MinimumVisualStudioVersion = 10.0.40219.1
Project("{FAE04EC0-301F-11D3-BF4B-00C04F79EFBC}") = "LargestCommonEnd", "LargestCommonEnd\LargestCommonEnd.csproj", "{623995A1-557F-4754-8F00-07ED7EDE75E8}"
EndProject
Project("{FAE04EC0-301F-11D3-BF4B-00C04F79EFBC}") = "RotateAndSum", "RotateAndSum\RotateAndSum.csproj", "{C3DDA95C-AE59-4FB2-91D2-31259B8A3FBD}"
EndProject
Global
	GlobalSection(SolutionConfigurationPlatforms) = preSolution
		Debug|Any CPU = Debug|Any CPU
		Release|Any CPU = Release|Any CPU
	EndGlobalSection
	GlobalSection(ProjectConfigurationPlatforms) = postSolution
		{623995A1-557F-4754-8F00-07ED7EDE75E8}.Debug|Any CPU.ActiveCfg = Debug|Any CPU
		{623995A1-557F-4754-8F00-07ED7EDE75E8}.Debug|Any CPU.Build.0 = Debug|Any CPU
		{623995A1-557F-4754-8F00-07ED7EDE75E8}.Release|Any CPU.ActiveCfg = Release|Any CPU
		{623995A1-557F-4754-8F00-07ED7EDE75E8}.Release|Any CPU.Build.0 = Release|Any CPU
		{C3DDA95C-AE59-4FB2-91D2-31259B8A3FBD}.Debug|Any CPU.ActiveCfg = Debug|Any CPU
		{C3DDA95C-AE59-4FB2-91D2-31259B8A3FBD}.Debug|Any CPU.Build.0 = Debug|Any CPU
		{C3DDA95C-AE59-4FB2-91D2-31259B8A3FBD}.Release|Any CPU.ActiveCfg = Release|Any CPU
		{C3DDA95C-AE59-4FB2-91D2-31259B8A3FBD}.Release|Any CPU.Build.0 = Release|Any CPU
	EndGlobalSection
	GlobalSection(SolutionProperties) = preSolution
		HideSolutionNode = FALSE
	EndGlobalSection
EndGlobal
