
Microsoft Visual Studio Solution File, Format Version 12.00
# Visual Studio 14
VisualStudioVersion = 14.0.25123.0
MinimumVisualStudioVersion = 10.0.40219.1
Project("{FAE04EC0-301F-11D3-BF4B-00C04F79EFBC}") = "CountWorkingDays", "CountWorkingDays\CountWorkingDays.csproj", "{4FAB66F0-4C3F-4AD8-AB4D-D8B4F60A2127}"
EndProject
Project("{FAE04EC0-301F-11D3-BF4B-00C04F79EFBC}") = "AdvertisementMessage", "AdvertisementMessage\AdvertisementMessage.csproj", "{91320047-83E3-46A6-B63E-ED7A408DA1CA}"
EndProject
Project("{FAE04EC0-301F-11D3-BF4B-00C04F79EFBC}") = "IntersectionOfCircles", "IntersectionOfCircles\IntersectionOfCircles.csproj", "{1F7DBD0B-96AC-41E2-81EC-3767771513EA}"
EndProject
Project("{FAE04EC0-301F-11D3-BF4B-00C04F79EFBC}") = "AvarageGrades", "AvarageGrades\AvarageGrades.csproj", "{4224F2DA-41C5-4F57-BBBE-A88F146408C1}"
EndProject
Project("{FAE04EC0-301F-11D3-BF4B-00C04F79EFBC}") = "BookLibrary", "BookLibrary\BookLibrary.csproj", "{CD73F8C7-D4AC-48E8-A926-7C4DE45C2839}"
EndProject
Project("{FAE04EC0-301F-11D3-BF4B-00C04F79EFBC}") = "AverageGrades", "AverageGrades\AverageGrades.csproj", "{13CA888C-3C9F-40C2-AF66-B1DC79B6C59C}"
EndProject
Project("{FAE04EC0-301F-11D3-BF4B-00C04F79EFBC}") = "BookLibrarySecondsAttempt", "BookLibrarySecondsAttempt\BookLibrarySecondsAttempt.csproj", "{8F040FB8-5BF6-4631-B07B-647ECDE539D9}"
EndProject
Project("{FAE04EC0-301F-11D3-BF4B-00C04F79EFBC}") = "AndreyAndBilliard", "AndreyAndBilliard\AndreyAndBilliard.csproj", "{E5E06CA1-7641-4053-979E-EA177518D285}"
EndProject
Project("{FAE04EC0-301F-11D3-BF4B-00C04F79EFBC}") = "Exercises", "Exercises\Exercises.csproj", "{8F1C18AF-8CA0-453E-B330-61F984A344BD}"
EndProject
Project("{FAE04EC0-301F-11D3-BF4B-00C04F79EFBC}") = "BankingSystem", "BankingSystem\BankingSystem.csproj", "{9CE9BBBD-0BD2-4597-A1E3-8BC9F9D47B85}"
EndProject
Project("{FAE04EC0-301F-11D3-BF4B-00C04F79EFBC}") = "Animals", "Animals\Animals.csproj", "{A3B3A4FF-40B3-4D67-A161-A7305BF032E4}"
EndProject
Project("{FAE04EC0-301F-11D3-BF4B-00C04F79EFBC}") = "WebSites", "WebSites\WebSites.csproj", "{52B1D9CA-02E0-4306-94F6-A0337CB2C54A}"
EndProject
Project("{FAE04EC0-301F-11D3-BF4B-00C04F79EFBC}") = "Boxes", "Boxes\Boxes.csproj", "{9FABB695-0197-4DDA-92A1-EA3EDB275422}"
EndProject
Project("{FAE04EC0-301F-11D3-BF4B-00C04F79EFBC}") = "Messages", "Messages\Messages.csproj", "{FF92DD4A-D357-4A92-9477-841AE9CF19D7}"
EndProject
Global
	GlobalSection(SolutionConfigurationPlatforms) = preSolution
		Debug|Any CPU = Debug|Any CPU
		Release|Any CPU = Release|Any CPU
	EndGlobalSection
	GlobalSection(ProjectConfigurationPlatforms) = postSolution
		{4FAB66F0-4C3F-4AD8-AB4D-D8B4F60A2127}.Debug|Any CPU.ActiveCfg = Debug|Any CPU
		{4FAB66F0-4C3F-4AD8-AB4D-D8B4F60A2127}.Debug|Any CPU.Build.0 = Debug|Any CPU
		{4FAB66F0-4C3F-4AD8-AB4D-D8B4F60A2127}.Release|Any CPU.ActiveCfg = Release|Any CPU
		{4FAB66F0-4C3F-4AD8-AB4D-D8B4F60A2127}.Release|Any CPU.Build.0 = Release|Any CPU
		{91320047-83E3-46A6-B63E-ED7A408DA1CA}.Debug|Any CPU.ActiveCfg = Debug|Any CPU
		{91320047-83E3-46A6-B63E-ED7A408DA1CA}.Debug|Any CPU.Build.0 = Debug|Any CPU
		{91320047-83E3-46A6-B63E-ED7A408DA1CA}.Release|Any CPU.ActiveCfg = Release|Any CPU
		{91320047-83E3-46A6-B63E-ED7A408DA1CA}.Release|Any CPU.Build.0 = Release|Any CPU
		{1F7DBD0B-96AC-41E2-81EC-3767771513EA}.Debug|Any CPU.ActiveCfg = Debug|Any CPU
		{1F7DBD0B-96AC-41E2-81EC-3767771513EA}.Debug|Any CPU.Build.0 = Debug|Any CPU
		{1F7DBD0B-96AC-41E2-81EC-3767771513EA}.Release|Any CPU.ActiveCfg = Release|Any CPU
		{1F7DBD0B-96AC-41E2-81EC-3767771513EA}.Release|Any CPU.Build.0 = Release|Any CPU
		{4224F2DA-41C5-4F57-BBBE-A88F146408C1}.Debug|Any CPU.ActiveCfg = Debug|Any CPU
		{4224F2DA-41C5-4F57-BBBE-A88F146408C1}.Debug|Any CPU.Build.0 = Debug|Any CPU
		{4224F2DA-41C5-4F57-BBBE-A88F146408C1}.Release|Any CPU.ActiveCfg = Release|Any CPU
		{4224F2DA-41C5-4F57-BBBE-A88F146408C1}.Release|Any CPU.Build.0 = Release|Any CPU
		{CD73F8C7-D4AC-48E8-A926-7C4DE45C2839}.Debug|Any CPU.ActiveCfg = Debug|Any CPU
		{CD73F8C7-D4AC-48E8-A926-7C4DE45C2839}.Debug|Any CPU.Build.0 = Debug|Any CPU
		{CD73F8C7-D4AC-48E8-A926-7C4DE45C2839}.Release|Any CPU.ActiveCfg = Release|Any CPU
		{CD73F8C7-D4AC-48E8-A926-7C4DE45C2839}.Release|Any CPU.Build.0 = Release|Any CPU
		{13CA888C-3C9F-40C2-AF66-B1DC79B6C59C}.Debug|Any CPU.ActiveCfg = Debug|Any CPU
		{13CA888C-3C9F-40C2-AF66-B1DC79B6C59C}.Debug|Any CPU.Build.0 = Debug|Any CPU
		{13CA888C-3C9F-40C2-AF66-B1DC79B6C59C}.Release|Any CPU.ActiveCfg = Release|Any CPU
		{13CA888C-3C9F-40C2-AF66-B1DC79B6C59C}.Release|Any CPU.Build.0 = Release|Any CPU
		{8F040FB8-5BF6-4631-B07B-647ECDE539D9}.Debug|Any CPU.ActiveCfg = Debug|Any CPU
		{8F040FB8-5BF6-4631-B07B-647ECDE539D9}.Debug|Any CPU.Build.0 = Debug|Any CPU
		{8F040FB8-5BF6-4631-B07B-647ECDE539D9}.Release|Any CPU.ActiveCfg = Release|Any CPU
		{8F040FB8-5BF6-4631-B07B-647ECDE539D9}.Release|Any CPU.Build.0 = Release|Any CPU
		{E5E06CA1-7641-4053-979E-EA177518D285}.Debug|Any CPU.ActiveCfg = Debug|Any CPU
		{E5E06CA1-7641-4053-979E-EA177518D285}.Debug|Any CPU.Build.0 = Debug|Any CPU
		{E5E06CA1-7641-4053-979E-EA177518D285}.Release|Any CPU.ActiveCfg = Release|Any CPU
		{E5E06CA1-7641-4053-979E-EA177518D285}.Release|Any CPU.Build.0 = Release|Any CPU
		{8F1C18AF-8CA0-453E-B330-61F984A344BD}.Debug|Any CPU.ActiveCfg = Debug|Any CPU
		{8F1C18AF-8CA0-453E-B330-61F984A344BD}.Debug|Any CPU.Build.0 = Debug|Any CPU
		{8F1C18AF-8CA0-453E-B330-61F984A344BD}.Release|Any CPU.ActiveCfg = Release|Any CPU
		{8F1C18AF-8CA0-453E-B330-61F984A344BD}.Release|Any CPU.Build.0 = Release|Any CPU
		{9CE9BBBD-0BD2-4597-A1E3-8BC9F9D47B85}.Debug|Any CPU.ActiveCfg = Debug|Any CPU
		{9CE9BBBD-0BD2-4597-A1E3-8BC9F9D47B85}.Debug|Any CPU.Build.0 = Debug|Any CPU
		{9CE9BBBD-0BD2-4597-A1E3-8BC9F9D47B85}.Release|Any CPU.ActiveCfg = Release|Any CPU
		{9CE9BBBD-0BD2-4597-A1E3-8BC9F9D47B85}.Release|Any CPU.Build.0 = Release|Any CPU
		{A3B3A4FF-40B3-4D67-A161-A7305BF032E4}.Debug|Any CPU.ActiveCfg = Debug|Any CPU
		{A3B3A4FF-40B3-4D67-A161-A7305BF032E4}.Debug|Any CPU.Build.0 = Debug|Any CPU
		{A3B3A4FF-40B3-4D67-A161-A7305BF032E4}.Release|Any CPU.ActiveCfg = Release|Any CPU
		{A3B3A4FF-40B3-4D67-A161-A7305BF032E4}.Release|Any CPU.Build.0 = Release|Any CPU
		{52B1D9CA-02E0-4306-94F6-A0337CB2C54A}.Debug|Any CPU.ActiveCfg = Debug|Any CPU
		{52B1D9CA-02E0-4306-94F6-A0337CB2C54A}.Debug|Any CPU.Build.0 = Debug|Any CPU
		{52B1D9CA-02E0-4306-94F6-A0337CB2C54A}.Release|Any CPU.ActiveCfg = Release|Any CPU
		{52B1D9CA-02E0-4306-94F6-A0337CB2C54A}.Release|Any CPU.Build.0 = Release|Any CPU
		{9FABB695-0197-4DDA-92A1-EA3EDB275422}.Debug|Any CPU.ActiveCfg = Debug|Any CPU
		{9FABB695-0197-4DDA-92A1-EA3EDB275422}.Debug|Any CPU.Build.0 = Debug|Any CPU
		{9FABB695-0197-4DDA-92A1-EA3EDB275422}.Release|Any CPU.ActiveCfg = Release|Any CPU
		{9FABB695-0197-4DDA-92A1-EA3EDB275422}.Release|Any CPU.Build.0 = Release|Any CPU
		{FF92DD4A-D357-4A92-9477-841AE9CF19D7}.Debug|Any CPU.ActiveCfg = Debug|Any CPU
		{FF92DD4A-D357-4A92-9477-841AE9CF19D7}.Debug|Any CPU.Build.0 = Debug|Any CPU
		{FF92DD4A-D357-4A92-9477-841AE9CF19D7}.Release|Any CPU.ActiveCfg = Release|Any CPU
		{FF92DD4A-D357-4A92-9477-841AE9CF19D7}.Release|Any CPU.Build.0 = Release|Any CPU
	EndGlobalSection
	GlobalSection(SolutionProperties) = preSolution
		HideSolutionNode = FALSE
	EndGlobalSection
EndGlobal
