
Microsoft Visual Studio Solution File, Format Version 12.00
# Visual Studio 14
VisualStudioVersion = 14.0.25123.0
MinimumVisualStudioVersion = 10.0.40219.1
Project("{FAE04EC0-301F-11D3-BF4B-00C04F79EFBC}") = "DataTypes", "DataTypes\DataTypes.csproj", "{AFFD360D-0F59-4149-A0C3-3D9F0FBBF3BF}"
EndProject
Project("{FAE04EC0-301F-11D3-BF4B-00C04F79EFBC}") = "CircleArea", "CircleArea\CircleArea.csproj", "{96F0607C-B6B2-493C-BC79-D6567F10514C}"
EndProject
Project("{FAE04EC0-301F-11D3-BF4B-00C04F79EFBC}") = "ExactSumofRealNumbers", "ExactSumofRealNumbers\ExactSumofRealNumbers.csproj", "{11F7F2EB-4B5F-45F0-8CA9-88D60EDA4A89}"
EndProject
Project("{FAE04EC0-301F-11D3-BF4B-00C04F79EFBC}") = "Elevator", "Elevator\Elevator.csproj", "{0C17D2E5-E5DA-4A62-8522-BCE22E24C1D0}"
EndProject
Global
	GlobalSection(SolutionConfigurationPlatforms) = preSolution
		Debug|Any CPU = Debug|Any CPU
		Release|Any CPU = Release|Any CPU
	EndGlobalSection
	GlobalSection(ProjectConfigurationPlatforms) = postSolution
		{AFFD360D-0F59-4149-A0C3-3D9F0FBBF3BF}.Debug|Any CPU.ActiveCfg = Debug|Any CPU
		{AFFD360D-0F59-4149-A0C3-3D9F0FBBF3BF}.Debug|Any CPU.Build.0 = Debug|Any CPU
		{AFFD360D-0F59-4149-A0C3-3D9F0FBBF3BF}.Release|Any CPU.ActiveCfg = Release|Any CPU
		{AFFD360D-0F59-4149-A0C3-3D9F0FBBF3BF}.Release|Any CPU.Build.0 = Release|Any CPU
		{96F0607C-B6B2-493C-BC79-D6567F10514C}.Debug|Any CPU.ActiveCfg = Debug|Any CPU
		{96F0607C-B6B2-493C-BC79-D6567F10514C}.Debug|Any CPU.Build.0 = Debug|Any CPU
		{96F0607C-B6B2-493C-BC79-D6567F10514C}.Release|Any CPU.ActiveCfg = Release|Any CPU
		{96F0607C-B6B2-493C-BC79-D6567F10514C}.Release|Any CPU.Build.0 = Release|Any CPU
		{11F7F2EB-4B5F-45F0-8CA9-88D60EDA4A89}.Debug|Any CPU.ActiveCfg = Debug|Any CPU
		{11F7F2EB-4B5F-45F0-8CA9-88D60EDA4A89}.Debug|Any CPU.Build.0 = Debug|Any CPU
		{11F7F2EB-4B5F-45F0-8CA9-88D60EDA4A89}.Release|Any CPU.ActiveCfg = Release|Any CPU
		{11F7F2EB-4B5F-45F0-8CA9-88D60EDA4A89}.Release|Any CPU.Build.0 = Release|Any CPU
		{0C17D2E5-E5DA-4A62-8522-BCE22E24C1D0}.Debug|Any CPU.ActiveCfg = Debug|Any CPU
		{0C17D2E5-E5DA-4A62-8522-BCE22E24C1D0}.Debug|Any CPU.Build.0 = Debug|Any CPU
		{0C17D2E5-E5DA-4A62-8522-BCE22E24C1D0}.Release|Any CPU.ActiveCfg = Release|Any CPU
		{0C17D2E5-E5DA-4A62-8522-BCE22E24C1D0}.Release|Any CPU.Build.0 = Release|Any CPU
	EndGlobalSection
	GlobalSection(SolutionProperties) = preSolution
		HideSolutionNode = FALSE
	EndGlobalSection
EndGlobal
